PODS:
  - SkyFloatingLabelTextField (1.2.1)

DEPENDENCIES:
  - SkyFloatingLabelTextField (from `https://github.com/MLSDev/SkyFloatingLabelTextField.git`, branch `swift3`)

EXTERNAL SOURCES:
  SkyFloatingLabelTextField:
    :branch: swift3
    :git: https://github.com/MLSDev/SkyFloatingLabelTextField.git

CHECKOUT OPTIONS:
  SkyFloatingLabelTextField:
    :commit: '03177934f990c794060765f33c408268ce8afee0'
    :git: https://github.com/MLSDev/SkyFloatingLabelTextField.git

SPEC CHECKSUMS:
  SkyFloatingLabelTextField: 3f6610aded18e778df5cfab3b9e12a11b3e014e9

PODFILE CHECKSUM: d17b8b7773293fba5116a4193dc146354b975fc9

COCOAPODS: 1.1.1
